// !$*UTF8*$!
{
	archiveVersion = 1;
	classes = {
	};
	objectVersion = 46;
	objects = {

/* Begin PBXBuildFile section */
		BAC9CF0E1B1FE473004520CC /* main.m in Sources */ = {isa = PBXBuildFile; fileRef = BAC9CF0D1B1FE473004520CC /* main.m */; };
		BAC9CF111B1FE473004520CC /* AppDelegate.m in Sources */ = {isa = PBXBuildFile; fileRef = BAC9CF101B1FE473004520CC /* AppDelegate.m */; };
		BAC9CF141B1FE473004520CC /* ViewController.m in Sources */ = {isa = PBXBuildFile; fileRef = BAC9CF131B1FE473004520CC /* ViewController.m */; };
		BAC9CF171B1FE473004520CC /* Main.storyboard in Resources */ = {isa = PBXBuildFile; fileRef = BAC9CF151B1FE473004520CC /* Main.storyboard */; };
		BAC9CF191B1FE473004520CC /* Images.xcassets in Resources */ = {isa = PBXBuildFile; fileRef = BAC9CF181B1FE473004520CC /* Images.xcassets */; };
		BAC9CF1C1B1FE473004520CC /* LaunchScreen.xib in Resources */ = {isa = PBXBuildFile; fileRef = BAC9CF1A1B1FE473004520CC /* LaunchScreen.xib */; };
		BAC9CF281B1FE473004520CC /* LeftDrawControllerTests.m in Sources */ = {isa = PBXBuildFile; fileRef = BAC9CF271B1FE473004520CC /* LeftDrawControllerTests.m */; };
/* End PBXBuildFile section */

/* Begin PBXContainerItemProxy section */
		BAC9CF221B1FE473004520CC /* PBXContainerItemProxy */ = {
			isa = PBXContainerItemProxy;
			containerPortal = BAC9CF001B1FE473004520CC /* Project object */;
			proxyType = 1;
			remoteGlobalIDString = BAC9CF071B1FE473004520CC;
			remoteInfo = LeftDrawController;
		};
/* End PBXContainerItemProxy section */

/* Begin PBXFileReference section */
		BAC9CF081B1FE473004520CC /* LeftDrawController.app */ = {isa = PBXFileReference; explicitFileType = wrapper.application; includeInIndex = 0; path = LeftDrawController.app; sourceTree = BUILT_PRODUCTS_DIR; };
		BAC9CF0C1B1FE473004520CC /* Info.plist */ = {isa = PBXFileReference; lastKnownFileType = text.plist.xml; path = Info.plist; sourceTree = "<group>"; };
		BAC9CF0D1B1FE473004520CC /* main.m */ = {isa = PBXFileReference; lastKnownFileType = sourcecode.c.objc; path = main.m; sourceTree = "<group>"; };
		BAC9CF0F1B1FE473004520CC /* AppDelegate.h */ = {isa = PBXFileReference; lastKnownFileType = sourcecode.c.h; path = AppDelegate.h; sourceTree = "<group>"; };
		BAC9CF101B1FE473004520CC /* AppDelegate.m */ = {isa = PBXFileReference; lastKnownFileType = sourcecode.c.objc; path = AppDelegate.m; sourceTree = "<group>"; };
		BAC9CF121B1FE473004520CC /* ViewController.h */ = {isa = PBXFileReference; lastKnownFileType = sourcecode.c.h; path = ViewController.h; sourceTree = "<group>"; };
		BAC9CF131B1FE473004520CC /* ViewController.m */ = {isa = PBXFileReference; lastKnownFileType = sourcecode.c.objc; path = ViewController.m; sourceTree = "<group>"; };
		BAC9CF161B1FE473004520CC /* Base */ = {isa = PBXFileReference; lastKnownFileType = file.storyboard; name = Base; path = Base.lproj/Main.storyboard; sourceTree = "<group>"; };
		BAC9CF181B1FE473004520CC /* Images.xcassets */ = {isa = PBXFileReference; lastKnownFileType = folder.assetcatalog; path = Images.xcassets; sourceTree = "<group>"; };
		BAC9CF1B1B1FE473004520CC /* Base */ = {isa = PBXFileReference; lastKnownFileType = file.xib; name = Base; path = Base.lproj/LaunchScreen.xib; sourceTree = "<group>"; };
		BAC9CF211B1FE473004520CC /* LeftDrawControllerTests.xctest */ = {isa = PBXFileReference; explicitFileType = wrapper.cfbundle; includeInIndex = 0; path = LeftDrawControllerTests.xctest; sourceTree = BUILT_PRODUCTS_DIR; };
		BAC9CF261B1FE473004520CC /* Info.plist */ = {isa = PBXFileReference; lastKnownFileType = text.plist.xml; path = Info.plist; sourceTree = "<group>"; };
		BAC9CF271B1FE473004520CC /* LeftDrawControllerTests.m */ = {isa = PBXFileReference; lastKnownFileType = sourcecode.c.objc; path = LeftDrawControllerTests.m; sourceTree = "<group>"; };
/* End PBXFileReference section */

/* Begin PBXFrameworksBuildPhase section */
		BAC9CF051B1FE473004520CC /* Frameworks */ = {
			isa = PBXFrameworksBuildPhase;
			buildActionMask = 2147483647;
			files = (
			);
			runOnlyForDeploymentPostprocessing = 0;
		};
		BAC9CF1E1B1FE473004520CC /* Frameworks */ = {
			isa = PBXFrameworksBuildPhase;
			buildActionMask = 2147483647;
			files = (
			);
			runOnlyForDeploymentPostprocessing = 0;
		};
/* End PBXFrameworksBuildPhase section */

/* Begin PBXGroup section */
		BAC9CEFF1B1FE473004520CC = {
			isa = PBXGroup;
			children = (
				BAC9CF0A1B1FE473004520CC /* LeftDrawController */,
				BAC9CF241B1FE473004520CC /* LeftDrawControllerTests */,
				BAC9CF091B1FE473004520CC /* Products */,
			);
			sourceTree = "<group>";
		};
		BAC9CF091B1FE473004520CC /* Products */ = {
			isa = PBXGroup;
			children = (
				BAC9CF081B1FE473004520CC /* LeftDrawController.app */,
				BAC9CF211B1FE473004520CC /* LeftDrawControllerTests.xctest */,
			);
			name = Products;
			sourceTree = "<group>";
		};
		BAC9CF0A1B1FE473004520CC /* LeftDrawController */ = {
			isa = PBXGroup;
			children = (
				BAC9CF0F1B1FE473004520CC /* AppDelegate.h */,
				BAC9CF101B1FE473004520CC /* AppDelegate.m */,
				BAC9CF121B1FE473004520CC /* ViewController.h */,
				BAC9CF131B1FE473004520CC /* ViewController.m */,
				BAC9CF151B1FE473004520CC /* Main.storyboard */,
				BAC9CF181B1FE473004520CC /* Images.xcassets */,
				BAC9CF1A1B1FE473004520CC /* LaunchScreen.xib */,
				BAC9CF0B1B1FE473004520CC /* Supporting Files */,
			);
			path = LeftDrawController;
			sourceTree = "<group>";
		};
		BAC9CF0B1B1FE473004520CC /* Supporting Files */ = {
			isa = PBXGroup;
			children = (
				BAC9CF0C1B1FE473004520CC /* Info.plist */,
				BAC9CF0D1B1FE473004520CC /* main.m */,
			);
			name = "Supporting Files";
			sourceTree = "<group>";
		};
		BAC9CF241B1FE473004520CC /* LeftDrawControllerTests */ = {
			isa = PBXGroup;
			children = (
				BAC9CF271B1FE473004520CC /* LeftDrawControllerTests.m */,
				BAC9CF251B1FE473004520CC /* Supporting Files */,
			);
			path = LeftDrawControllerTests;
			sourceTree = "<group>";
		};
		BAC9CF251B1FE473004520CC /* Supporting Files */ = {
			isa = PBXGroup;
			children = (
				BAC9CF261B1FE473004520CC /* Info.plist */,
			);
			name = "Supporting Files";
			sourceTree = "<group>";
		};
/* End PBXGroup section */

/* Begin PBXNativeTarget section */
		BAC9CF071B1FE473004520CC /* LeftDrawController */ = {
			isa = PBXNativeTarget;
			buildConfigurationList = BAC9CF2B1B1FE473004520CC /* Build configuration list for PBXNativeTarget "LeftDrawController" */;
			buildPhases = (
				BAC9CF041B1FE473004520CC /* Sources */,
				BAC9CF051B1FE473004520CC /* Frameworks */,
				BAC9CF061B1FE473004520CC /* Resources */,
			);
			buildRules = (
			);
			dependencies = (
			);
			name = LeftDrawController;
			productName = LeftDrawController;
			productReference = BAC9CF081B1FE473004520CC /* LeftDrawController.app */;
			productType = "com.apple.product-type.application";
		};
		BAC9CF201B1FE473004520CC /* LeftDrawControllerTests */ = {
			isa = PBXNativeTarget;
			buildConfigurationList = BAC9CF2E1B1FE473004520CC /* Build configuration list for PBXNativeTarget "LeftDrawControllerTests" */;
			buildPhases = (
				BAC9CF1D1B1FE473004520CC /* Sources */,
				BAC9CF1E1B1FE473004520CC /* Frameworks */,
				BAC9CF1F1B1FE473004520CC /* Resources */,
			);
			buildRules = (
			);
			dependencies = (
				BAC9CF231B1FE473004520CC /* PBXTargetDependency */,
			);
			name = LeftDrawControllerTests;
			productName = LeftDrawControllerTests;
			productReference = BAC9CF211B1FE473004520CC /* LeftDrawControllerTests.xctest */;
			productType = "com.apple.product-type.bundle.unit-test";
		};
/* End PBXNativeTarget section */

/* Begin PBXProject section */
		BAC9CF001B1FE473004520CC /* Project object */ = {
			isa = PBXProject;
			attributes = {
				LastUpgradeCheck = 0630;
				ORGANIZATIONNAME = Henry;
				TargetAttributes = {
					BAC9CF071B1FE473004520CC = {
						CreatedOnToolsVersion = 6.3.1;
					};
					BAC9CF201B1FE473004520CC = {
						CreatedOnToolsVersion = 6.3.1;
						TestTargetID = BAC9CF071B1FE473004520CC;
					};
				};
			};
			buildConfigurationList = BAC9CF031B1FE473004520CC /* Build configuration list for PBXProject "LeftDrawController" */;
			compatibilityVersion = "Xcode 3.2";
			developmentRegion = English;
			hasScannedForEncodings = 0;
			knownRegions = (
				en,
				Base,
			);
			mainGroup = BAC9CEFF1B1FE473004520CC;
			productRefGroup = BAC9CF091B1FE473004520CC /* Products */;
			projectDirPath = "";
			projectRoot = "";
			targets = (
				BAC9CF071B1FE473004520CC /* LeftDrawController */,
				BAC9CF201B1FE473004520CC /* LeftDrawControllerTests */,
			);
		};
/* End PBXProject section */

/* Begin PBXResourcesBuildPhase section */
		BAC9CF061B1FE473004520CC /* Resources */ = {
			isa = PBXResourcesBuildPhase;
			buildActionMask = 2147483647;
			files = (
				BAC9CF171B1FE473004520CC /* Main.storyboard in Resources */,
				BAC9CF1C1B1FE473004520CC /* LaunchScreen.xib in Resources */,
				BAC9CF191B1FE473004520CC /* Images.xcassets in Resources */,
			);
			runOnlyForDeploymentPostprocessing = 0;
		};
		BAC9CF1F1B1FE473004520CC /* Resources */ = {
			isa = PBXResourcesBuildPhase;
			buildActionMask = 2147483647;
			files = (
			);
			runOnlyForDeploymentPostprocessing = 0;
		};
/* End PBXResourcesBuildPhase section */

/* Begin PBXSourcesBuildPhase section */
		BAC9CF041B1FE473004520CC /* Sources */ = {
			isa = PBXSourcesBuildPhase;
			buildActionMask = 2147483647;
			files = (
				BAC9CF141B1FE473004520CC /* ViewController.m in Sources */,
				BAC9CF111B1FE473004520CC /* AppDelegate.m in Sources */,
				BAC9CF0E1B1FE473004520CC /* main.m in Sources */,
			);
			runOnlyForDeploymentPostprocessing = 0;
		};
		BAC9CF1D1B1FE473004520CC /* Sources */ = {
			isa = PBXSourcesBuildPhase;
			buildActionMask = 2147483647;
			files = (
				BAC9CF281B1FE473004520CC /* LeftDrawControllerTests.m in Sources */,
			);
			runOnlyForDeploymentPostprocessing = 0;
		};
/* End PBXSourcesBuildPhase section */

/* Begin PBXTargetDependency section */
		BAC9CF231B1FE473004520CC /* PBXTargetDependency */ = {
			isa = PBXTargetDependency;
			target = BAC9CF071B1FE473004520CC /* LeftDrawController */;
			targetProxy = BAC9CF221B1FE473004520CC /* PBXContainerItemProxy */;
		};
/* End PBXTargetDependency section */

/* Begin PBXVariantGroup section */
		BAC9CF151B1FE473004520CC /* Main.storyboard */ = {
			isa = PBXVariantGroup;
			children = (
				BAC9CF161B1FE473004520CC /* Base */,
			);
			name = Main.storyboard;
			sourceTree = "<group>";
		};
		BAC9CF1A1B1FE473004520CC /* LaunchScreen.xib */ = {
			isa = PBXVariantGroup;
			children = (
				BAC9CF1B1B1FE473004520CC /* Base */,
			);
			name = LaunchScreen.xib;
			sourceTree = "<group>";
		};
/* End PBXVariantGroup section */

/* Begin XCBuildConfiguration section */
		BAC9CF291B1FE473004520CC /* Debug */ = {
			isa = XCBuildConfiguration;
			buildSettings = {
				ALWAYS_SEARCH_USER_PATHS = NO;
				CLANG_CXX_LANGUAGE_STANDARD = "gnu++0x";
				CLANG_CXX_LIBRARY = "libc++";
				CLANG_ENABLE_MODULES = YES;
				CLANG_ENABLE_OBJC_ARC = YES;
				CLANG_WARN_BOOL_CONVERSION = YES;
				CLANG_WARN_CONSTANT_CONVERSION = YES;
				CLANG_WARN_DIRECT_OBJC_ISA_USAGE = YES_ERROR;
				CLANG_WARN_EMPTY_BODY = YES;
				CLANG_WARN_ENUM_CONVERSION = YES;
				CLANG_WARN_INT_CONVERSION = YES;
				CLANG_WARN_OBJC_ROOT_CLASS = YES_ERROR;
				CLANG_WARN_UNREACHABLE_CODE = YES;
				CLANG_WARN__DUPLICATE_METHOD_MATCH = YES;
				"CODE_SIGN_IDENTITY[sdk=iphoneos*]" = "iPhone Developer";
				COPY_PHASE_STRIP = NO;
				DEBUG_INFORMATION_FORMAT = "dwarf-with-dsym";
				ENABLE_STRICT_OBJC_MSGSEND = YES;
				GCC_C_LANGUAGE_STANDARD = gnu99;
				GCC_DYNAMIC_NO_PIC = NO;
				GCC_NO_COMMON_BLOCKS = YES;
				GCC_OPTIMIZATION_LEVEL = 0;
				GCC_PREPROCESSOR_DEFINITIONS = (
					"DEBUG=1",
					"$(inherited)",
				);
				GCC_SYMBOLS_PRIVATE_EXTERN = NO;
				GCC_WARN_64_TO_32_BIT_CONVERSION = YES;
				GCC_WARN_ABOUT_RETURN_TYPE = YES_ERROR;
				GCC_WARN_UNDECLARED_SELECTOR = YES;
				GCC_WARN_UNINITIALIZED_AUTOS = YES_AGGRESSIVE;
				GCC_WARN_UNUSED_FUNCTION = YES;
				GCC_WARN_UNUSED_VARIABLE = YES;
				IPHONEOS_DEPLOYMENT_TARGET = 8.3;
				MTL_ENABLE_DEBUG_INFO = YES;
				ONLY_ACTIVE_ARCH = YES;
				SDKROOT = iphoneos;
			};
			name = Debug;
		};
		BAC9CF2A1B1FE473004520CC /* Release */ = {
			isa = XCBuildConfiguration;
			buildSettings = {
				ALWAYS_SEARCH_USER_PATHS = NO;
				CLANG_CXX_LANGUAGE_STANDARD = "gnu++0x";
				CLANG_CXX_LIBRARY = "libc++";
				CLANG_ENABLE_MODULES = YES;
				CLANG_ENABLE_OBJC_ARC = YES;
				CLANG_WARN_BOOL_CONVERSION = YES;
				CLANG_WARN_CONSTANT_CONVERSION = YES;
				CLANG_WARN_DIRECT_OBJC_ISA_USAGE = YES_ERROR;
				CLANG_WARN_EMPTY_BODY = YES;
				CLANG_WARN_ENUM_CONVERSION = YES;
				CLANG_WARN_INT_CONVERSION = YES;
				CLANG_WARN_OBJC_ROOT_CLASS = YES_ERROR;
				CLANG_WARN_UNREACHABLE_CODE = YES;
				CLANG_WARN__DUPLICATE_METHOD_MATCH = YES;
				"CODE_SIGN_IDENTITY[sdk=iphoneos*]" = "iPhone Developer";
				COPY_PHASE_STRIP = NO;
				DEBUG_INFORMATION_FORMAT = "dwarf-with-dsym";
				ENABLE_NS_ASSERTIONS = NO;
				ENABLE_STRICT_OBJC_MSGSEND = YES;
				GCC_C_LANGUAGE_STANDARD = gnu99;
				GCC_NO_COMMON_BLOCKS = YES;
				GCC_WARN_64_TO_32_BIT_CONVERSION = YES;
				GCC_WARN_ABOUT_RETURN_TYPE = YES_ERROR;
				GCC_WARN_UNDECLARED_SELECTOR = YES;
				GCC_WARN_UNINITIALIZED_AUTOS = YES_AGGRESSIVE;
				GCC_WARN_UNUSED_FUNCTION = YES;
				GCC_WARN_UNUSED_VARIABLE = YES;
				IPHONEOS_DEPLOYMENT_TARGET = 8.3;
				MTL_ENABLE_DEBUG_INFO = NO;
				SDKROOT = iphoneos;
				VALIDATE_PRODUCT = YES;
			};
			name = Release;
		};
		BAC9CF2C1B1FE473004520CC /* Debug */ = {
			isa = XCBuildConfiguration;
			buildSettings = {
				ASSETCATALOG_COMPILER_APPICON_NAME = AppIcon;
				INFOPLIST_FILE = LeftDrawController/Info.plist;
				LD_RUNPATH_SEARCH_PATHS = "$(inherited) @executable_path/Frameworks";
				PRODUCT_NAME = "$(TARGET_NAME)";
			};
			name = Debug;
		};
		BAC9CF2D1B1FE473004520CC /* Release */ = {
			isa = XCBuildConfiguration;
			buildSettings = {
				ASSETCATALOG_COMPILER_APPICON_NAME = AppIcon;
				INFOPLIST_FILE = LeftDrawController/Info.plist;
				LD_RUNPATH_SEARCH_PATHS = "$(inherited) @executable_path/Frameworks";
				PRODUCT_NAME = "$(TARGET_NAME)";
			};
			name = Release;
		};
		BAC9CF2F1B1FE473004520CC /* Debug */ = {
			isa = XCBuildConfiguration;
			buildSettings = {
				BUNDLE_LOADER = "$(TEST_HOST)";
				FRAMEWORK_SEARCH_PATHS = (
					"$(SDKROOT)/Developer/Library/Frameworks",
					"$(inherited)",
				);
				GCC_PREPROCESSOR_DEFINITIONS = (
					"DEBUG=1",
					"$(inherited)",
				);
				INFOPLIST_FILE = LeftDrawControllerTests/Info.plist;
				LD_RUNPATH_SEARCH_PATHS = "$(inherited) @executable_path/Frameworks @loader_path/Frameworks";
				PRODUCT_NAME = "$(TARGET_NAME)";
				TEST_HOST = "$(BUILT_PRODUCTS_DIR)/LeftDrawController.app/LeftDrawController";
			};
			name = Debug;
		};
		BAC9CF301B1FE473004520CC /* Release */ = {
			isa = XCBuildConfiguration;
			buildSettings = {
				BUNDLE_LOADER = "$(TEST_HOST)";
				FRAMEWORK_SEARCH_PATHS = (
					"$(SDKROOT)/Developer/Library/Frameworks",
					"$(inherited)",
				);
				INFOPLIST_FILE = LeftDrawControllerTests/Info.plist;
				LD_RUNPATH_SEARCH_PATHS = "$(inherited) @executable_path/Frameworks @loader_path/Frameworks";
				PRODUCT_NAME = "$(TARGET_NAME)";
				TEST_HOST = "$(BUILT_PRODUCTS_DIR)/LeftDrawController.app/LeftDrawController";
			};
			name = Release;
		};
/* End XCBuildConfiguration section */

/* Begin XCConfigurationList section */
		BAC9CF031B1FE473004520CC /* Build configuration list for PBXProject "LeftDrawController" */ = {
			isa = XCConfigurationList;
			buildConfigurations = (
				BAC9CF291B1FE473004520CC /* Debug */,
				BAC9CF2A1B1FE473004520CC /* Release */,
			);
			defaultConfigurationIsVisible = 0;
			defaultConfigurationName = Release;
		};
		BAC9CF2B1B1FE473004520CC /* Build configuration list for PBXNativeTarget "LeftDrawController" */ = {
			isa = XCConfigurationList;
			buildConfigurations = (
				BAC9CF2C1B1FE473004520CC /* Debug */,
				BAC9CF2D1B1FE473004520CC /* Release */,
			);
			defaultConfigurationIsVisible = 0;
		};
		BAC9CF2E1B1FE473004520CC /* Build configuration list for PBXNativeTarget "LeftDrawControllerTests" */ = {
			isa = XCConfigurationList;
			buildConfigurations = (
				BAC9CF2F1B1FE473004520CC /* Debug */,
				BAC9CF301B1FE473004520CC /* Release */,
			);
			defaultConfigurationIsVisible = 0;
		};
/* End XCConfigurationList section */
	};
	rootObject = BAC9CF001B1FE473004520CC /* Project object */;
}
